version = 1
revision = 2
requires-python = ">=3.12"
resolution-markers = [
    "sys_platform == 'darwin'",
    "platform_machine == 'aarch64' and sys_platform == 'linux'",
    "(platform_machine != 'aarch64' and sys_platform == 'linux') or (sys_platform != 'darwin' and sys_platform != 'linux')",
]

[[package]]
name = "frank-brain"
version = "0.1.0"
source = { editable = "." }
dependencies = [
    { name = "numpy" },
    { name = "opencv-python" },
    { name = "pyserial" },
    { name = "setproctitle" },
]

[package.metadata]
requires-dist = [
    { name = "numpy", specifier = "<2.0.0" },
    { name = "opencv-python", specifier = ">=4.11.0.86" },
    { name = "pyserial", specifier = ">=3.5" },
    { name = "setproctitle", specifier = ">=1.3.6" },
]

[[package]]
name = "numpy"
version = "1.26.4"
source = { registry = "https://pypi.org/simple" }
sdist = { url = "https://files.pythonhosted.org/packages/65/6e/09db70a523a96d25e115e71cc56a6f9031e7b8cd166c1ac8438307c14058/numpy-1.26.4.tar.gz", hash = "sha256:2a02aba9ed12e4ac4eb3ea9421c420301a0c6460d9830d74a9df87efa4912010", size = 15786129, upload-time = "2024-02-06T00:26:44.495Z" }
wheels = [
    { url = "https://files.pythonhosted.org/packages/95/12/8f2020a8e8b8383ac0177dc9570aad031a3beb12e38847f7129bacd96228/numpy-1.26.4-cp312-cp312-macosx_10_9_x86_64.whl", hash = "sha256:b3ce300f3644fb06443ee2222c2201dd3a89ea6040541412b8fa189341847218", size = 20335901, upload-time = "2024-02-05T23:55:32.801Z" },
    { url = "https://files.pythonhosted.org/packages/75/5b/ca6c8bd14007e5ca171c7c03102d17b4f4e0ceb53957e8c44343a9546dcc/numpy-1.26.4-cp312-cp312-macosx_11_0_arm64.whl", hash = "sha256:03a8c78d01d9781b28a6989f6fa1bb2c4f2d51201cf99d3dd875df6fbd96b23b", size = 13685868, upload-time = "2024-02-05T23:55:56.28Z" },
    { url = "https://files.pythonhosted.org/packages/79/f8/97f10e6755e2a7d027ca783f63044d5b1bc1ae7acb12afe6a9b4286eac17/numpy-1.26.4-cp312-cp312-manylinux_2_17_aarch64.manylinux2014_aarch64.whl", hash = "sha256:9fad7dcb1aac3c7f0584a5a8133e3a43eeb2fe127f47e3632d43d677c66c102b", size = 13925109, upload-time = "2024-02-05T23:56:20.368Z" },
    { url = "https://files.pythonhosted.org/packages/0f/50/de23fde84e45f5c4fda2488c759b69990fd4512387a8632860f3ac9cd225/numpy-1.26.4-cp312-cp312-manylinux_2_17_x86_64.manylinux2014_x86_64.whl", hash = "sha256:675d61ffbfa78604709862923189bad94014bef562cc35cf61d3a07bba02a7ed", size = 17950613, upload-time = "2024-02-05T23:56:56.054Z" },
    { url = "https://files.pythonhosted.org/packages/4c/0c/9c603826b6465e82591e05ca230dfc13376da512b25ccd0894709b054ed0/numpy-1.26.4-cp312-cp312-musllinux_1_1_aarch64.whl", hash = "sha256:ab47dbe5cc8210f55aa58e4805fe224dac469cde56b9f731a4c098b91917159a", size = 13572172, upload-time = "2024-02-05T23:57:21.56Z" },
    { url = "https://files.pythonhosted.org/packages/76/8c/2ba3902e1a0fc1c74962ea9bb33a534bb05984ad7ff9515bf8d07527cadd/numpy-1.26.4-cp312-cp312-musllinux_1_1_x86_64.whl", hash = "sha256:1dda2e7b4ec9dd512f84935c5f126c8bd8b9f2fc001e9f54af255e8c5f16b0e0", size = 17786643, upload-time = "2024-02-05T23:57:56.585Z" },
    { url = "https://files.pythonhosted.org/packages/28/4a/46d9e65106879492374999e76eb85f87b15328e06bd1550668f79f7b18c6/numpy-1.26.4-cp312-cp312-win32.whl", hash = "sha256:50193e430acfc1346175fcbdaa28ffec49947a06918b7b92130744e81e640110", size = 5677803, upload-time = "2024-02-05T23:58:08.963Z" },
    { url = "https://files.pythonhosted.org/packages/16/2e/86f24451c2d530c88daf997cb8d6ac622c1d40d19f5a031ed68a4b73a374/numpy-1.26.4-cp312-cp312-win_amd64.whl", hash = "sha256:08beddf13648eb95f8d867350f6a018a4be2e5ad54c8d8caed89ebca558b2818", size = 15517754, upload-time = "2024-02-05T23:58:36.364Z" },
]

[[package]]
name = "opencv-python"
version = "4.11.0.86"
source = { registry = "https://pypi.org/simple" }
dependencies = [
    { name = "numpy" },
]
sdist = { url = "https://files.pythonhosted.org/packages/17/06/68c27a523103dad5837dc5b87e71285280c4f098c60e4fe8a8db6486ab09/opencv-python-4.11.0.86.tar.gz", hash = "sha256:03d60ccae62304860d232272e4a4fda93c39d595780cb40b161b310244b736a4", size = 95171956, upload-time = "2025-01-16T13:52:24.737Z" }
wheels = [
    { url = "https://files.pythonhosted.org/packages/05/4d/53b30a2a3ac1f75f65a59eb29cf2ee7207ce64867db47036ad61743d5a23/opencv_python-4.11.0.86-cp37-abi3-macosx_13_0_arm64.whl", hash = "sha256:432f67c223f1dc2824f5e73cdfcd9db0efc8710647d4e813012195dc9122a52a", size = 37326322, upload-time = "2025-01-16T13:52:25.887Z" },
    { url = "https://files.pythonhosted.org/packages/3b/84/0a67490741867eacdfa37bc18df96e08a9d579583b419010d7f3da8ff503/opencv_python-4.11.0.86-cp37-abi3-macosx_13_0_x86_64.whl", hash = "sha256:9d05ef13d23fe97f575153558653e2d6e87103995d54e6a35db3f282fe1f9c66", size = 56723197, upload-time = "2025-01-16T13:55:21.222Z" },
    { url = "https://files.pythonhosted.org/packages/f3/bd/29c126788da65c1fb2b5fb621b7fed0ed5f9122aa22a0868c5e2c15c6d23/opencv_python-4.11.0.86-cp37-abi3-manylinux_2_17_aarch64.manylinux2014_aarch64.whl", hash = "sha256:1b92ae2c8852208817e6776ba1ea0d6b1e0a1b5431e971a2a0ddd2a8cc398202", size = 42230439, upload-time = "2025-01-16T13:51:35.822Z" },
    { url = "https://files.pythonhosted.org/packages/2c/8b/90eb44a40476fa0e71e05a0283947cfd74a5d36121a11d926ad6f3193cc4/opencv_python-4.11.0.86-cp37-abi3-manylinux_2_17_x86_64.manylinux2014_x86_64.whl", hash = "sha256:6b02611523803495003bd87362db3e1d2a0454a6a63025dc6658a9830570aa0d", size = 62986597, upload-time = "2025-01-16T13:52:08.836Z" },
    { url = "https://files.pythonhosted.org/packages/fb/d7/1d5941a9dde095468b288d989ff6539dd69cd429dbf1b9e839013d21b6f0/opencv_python-4.11.0.86-cp37-abi3-win32.whl", hash = "sha256:810549cb2a4aedaa84ad9a1c92fbfdfc14090e2749cedf2c1589ad8359aa169b", size = 29384337, upload-time = "2025-01-16T13:52:13.549Z" },
    { url = "https://files.pythonhosted.org/packages/a4/7d/f1c30a92854540bf789e9cd5dde7ef49bbe63f855b85a2e6b3db8135c591/opencv_python-4.11.0.86-cp37-abi3-win_amd64.whl", hash = "sha256:085ad9b77c18853ea66283e98affefe2de8cc4c1f43eda4c100cf9b2721142ec", size = 39488044, upload-time = "2025-01-16T13:52:21.928Z" },
]

[[package]]
name = "pyserial"
version = "3.5"
source = { registry = "https://pypi.org/simple" }
sdist = { url = "https://files.pythonhosted.org/packages/1e/7d/ae3f0a63f41e4d2f6cb66a5b57197850f919f59e558159a4dd3a818f5082/pyserial-3.5.tar.gz", hash = "sha256:3c77e014170dfffbd816e6ffc205e9842efb10be9f58ec16d3e8675b4925cddb", size = 159125, upload-time = "2020-11-23T03:59:15.045Z" }
wheels = [
    { url = "https://files.pythonhosted.org/packages/07/bc/587a445451b253b285629263eb51c2d8e9bcea4fc97826266d186f96f558/pyserial-3.5-py2.py3-none-any.whl", hash = "sha256:c4451db6ba391ca6ca299fb3ec7bae67a5c55dde170964c7a14ceefec02f2cf0", size = 90585, upload-time = "2020-11-23T03:59:13.41Z" },
]

[[package]]
name = "setproctitle"
version = "1.3.6"
source = { registry = "https://pypi.org/simple" }
sdist = { url = "https://files.pythonhosted.org/packages/9e/af/56efe21c53ac81ac87e000b15e60b3d8104224b4313b6eacac3597bd183d/setproctitle-1.3.6.tar.gz", hash = "sha256:c9f32b96c700bb384f33f7cf07954bb609d35dd82752cef57fb2ee0968409169", size = 26889, upload-time = "2025-04-29T13:35:00.184Z" }
wheels = [
    { url = "https://files.pythonhosted.org/packages/8f/fb/99456fd94d4207c5f6c40746a048a33a52b4239cd7d9c8d4889e2210ec82/setproctitle-1.3.6-cp312-cp312-macosx_10_13_universal2.whl", hash = "sha256:af44bb7a1af163806bbb679eb8432fa7b4fb6d83a5d403b541b675dcd3798638", size = 17399, upload-time = "2025-04-29T13:33:13.406Z" },
    { url = "https://files.pythonhosted.org/packages/d5/48/9699191fe6062827683c43bfa9caac33a2c89f8781dd8c7253fa3dba85fd/setproctitle-1.3.6-cp312-cp312-macosx_11_0_arm64.whl", hash = "sha256:3cca16fd055316a48f0debfcbfb6af7cea715429fc31515ab3fcac05abd527d8", size = 11966, upload-time = "2025-04-29T13:33:14.976Z" },
    { url = "https://files.pythonhosted.org/packages/33/03/b085d192b9ecb9c7ce6ad6ef30ecf4110b7f39430b58a56245569827fcf4/setproctitle-1.3.6-cp312-cp312-manylinux_2_17_aarch64.manylinux2014_aarch64.whl", hash = "sha256:ea002088d5554fd75e619742cefc78b84a212ba21632e59931b3501f0cfc8f67", size = 32017, upload-time = "2025-04-29T13:33:16.163Z" },
    { url = "https://files.pythonhosted.org/packages/ae/68/c53162e645816f97212002111420d1b2f75bf6d02632e37e961dc2cd6d8b/setproctitle-1.3.6-cp312-cp312-manylinux_2_17_ppc64le.manylinux2014_ppc64le.whl", hash = "sha256:bb465dd5825356c1191a038a86ee1b8166e3562d6e8add95eec04ab484cfb8a2", size = 33419, upload-time = "2025-04-29T13:33:18.239Z" },
    { url = "https://files.pythonhosted.org/packages/ac/0d/119a45d15a816a6cf5ccc61b19729f82620095b27a47e0a6838216a95fae/setproctitle-1.3.6-cp312-cp312-manylinux_2_5_i686.manylinux1_i686.manylinux_2_17_i686.manylinux2014_i686.whl", hash = "sha256:d2c8e20487b3b73c1fa72c56f5c89430617296cd380373e7af3a538a82d4cd6d", size = 30711, upload-time = "2025-04-29T13:33:19.571Z" },
    { url = "https://files.pythonhosted.org/packages/e3/fb/5e9b5068df9e9f31a722a775a5e8322a29a638eaaa3eac5ea7f0b35e6314/setproctitle-1.3.6-cp312-cp312-manylinux_2_5_x86_64.manylinux1_x86_64.manylinux_2_17_x86_64.manylinux2014_x86_64.whl", hash = "sha256:a0d6252098e98129a1decb59b46920d4eca17b0395f3d71b0d327d086fefe77d", size = 31742, upload-time = "2025-04-29T13:33:21.172Z" },
    { url = "https://files.pythonhosted.org/packages/35/88/54de1e73e8fce87d587889c7eedb48fc4ee2bbe4e4ca6331690d03024f86/setproctitle-1.3.6-cp312-cp312-musllinux_1_2_aarch64.whl", hash = "sha256:cf355fbf0d4275d86f9f57be705d8e5eaa7f8ddb12b24ced2ea6cbd68fdb14dc", size = 31925, upload-time = "2025-04-29T13:33:22.427Z" },
    { url = "https://files.pythonhosted.org/packages/f3/01/65948d7badd66e63e3db247b923143da142790fa293830fdecf832712c2d/setproctitle-1.3.6-cp312-cp312-musllinux_1_2_i686.whl", hash = "sha256:e288f8a162d663916060beb5e8165a8551312b08efee9cf68302687471a6545d", size = 30981, upload-time = "2025-04-29T13:33:23.739Z" },
    { url = "https://files.pythonhosted.org/packages/22/20/c495e61786f1d38d5dc340b9d9077fee9be3dfc7e89f515afe12e1526dbc/setproctitle-1.3.6-cp312-cp312-musllinux_1_2_ppc64le.whl", hash = "sha256:b2e54f4a2dc6edf0f5ea5b1d0a608d2af3dcb5aa8c8eeab9c8841b23e1b054fe", size = 33209, upload-time = "2025-04-29T13:33:24.915Z" },
    { url = "https://files.pythonhosted.org/packages/98/3f/a457b8550fbd34d5b482fe20b8376b529e76bf1fbf9a474a6d9a641ab4ad/setproctitle-1.3.6-cp312-cp312-musllinux_1_2_x86_64.whl", hash = "sha256:b6f4abde9a2946f57e8daaf1160b2351bcf64274ef539e6675c1d945dbd75e2a", size = 31587, upload-time = "2025-04-29T13:33:26.123Z" },
    { url = "https://files.pythonhosted.org/packages/44/fe/743517340e5a635e3f1c4310baea20c16c66202f96a6f4cead222ffd6d84/setproctitle-1.3.6-cp312-cp312-win32.whl", hash = "sha256:db608db98ccc21248370d30044a60843b3f0f3d34781ceeea67067c508cd5a28", size = 11487, upload-time = "2025-04-29T13:33:27.403Z" },
    { url = "https://files.pythonhosted.org/packages/60/9a/d88f1c1f0f4efff1bd29d9233583ee341114dda7d9613941453984849674/setproctitle-1.3.6-cp312-cp312-win_amd64.whl", hash = "sha256:082413db8a96b1f021088e8ec23f0a61fec352e649aba20881895815388b66d3", size = 12208, upload-time = "2025-04-29T13:33:28.852Z" },
    { url = "https://files.pythonhosted.org/packages/89/76/f1a2fdbf9b9602945a7489ba5c52e9863de37381ef1a85a2b9ed0ff8bc79/setproctitle-1.3.6-cp313-cp313-macosx_10_13_universal2.whl", hash = "sha256:e2a9e62647dc040a76d55563580bf3bb8fe1f5b6ead08447c2ed0d7786e5e794", size = 17392, upload-time = "2025-04-29T13:33:30.925Z" },
    { url = "https://files.pythonhosted.org/packages/5c/5b/4e0db8b10b4543afcb3dbc0827793d46e43ec1de6b377e313af3703d08e0/setproctitle-1.3.6-cp313-cp313-macosx_11_0_arm64.whl", hash = "sha256:751ba352ed922e0af60458e961167fa7b732ac31c0ddd1476a2dfd30ab5958c5", size = 11951, upload-time = "2025-04-29T13:33:32.296Z" },
    { url = "https://files.pythonhosted.org/packages/dc/fe/d5d00aaa700fe1f6160b6e95c225b29c01f4d9292176d48fd968815163ea/setproctitle-1.3.6-cp313-cp313-manylinux_2_17_aarch64.manylinux2014_aarch64.whl", hash = "sha256:7890e291bf4708e3b61db9069ea39b3ab0651e42923a5e1f4d78a7b9e4b18301", size = 32087, upload-time = "2025-04-29T13:33:33.469Z" },
    { url = "https://files.pythonhosted.org/packages/9f/b3/894b827b93ef813c082479bebf88185860f01ac243df737823dd705e7fff/setproctitle-1.3.6-cp313-cp313-manylinux_2_17_ppc64le.manylinux2014_ppc64le.whl", hash = "sha256:b2b17855ed7f994f3f259cf2dfbfad78814538536fa1a91b50253d84d87fd88d", size = 33502, upload-time = "2025-04-29T13:33:34.831Z" },
    { url = "https://files.pythonhosted.org/packages/b2/cd/5330734cca1a4cfcb721432c22cb7899ff15a4101ba868b2ef452ffafea1/setproctitle-1.3.6-cp313-cp313-manylinux_2_5_i686.manylinux1_i686.manylinux_2_17_i686.manylinux2014_i686.whl", hash = "sha256:2e51ec673513465663008ce402171192a053564865c2fc6dc840620871a9bd7c", size = 30713, upload-time = "2025-04-29T13:33:36.739Z" },
    { url = "https://files.pythonhosted.org/packages/fa/d3/c2590c5daa2e9a008d3f2b16c0f4a351826193be55f147cb32af49c6d814/setproctitle-1.3.6-cp313-cp313-manylinux_2_5_x86_64.manylinux1_x86_64.manylinux_2_17_x86_64.manylinux2014_x86_64.whl", hash = "sha256:63cc10352dc6cf35a33951656aa660d99f25f574eb78132ce41a85001a638aa7", size = 31792, upload-time = "2025-04-29T13:33:37.974Z" },
    { url = "https://files.pythonhosted.org/packages/e6/b1/c553ed5af8cfcecd5ae7737e63af58a17a03d26f3d61868c7eb20bf7e3cf/setproctitle-1.3.6-cp313-cp313-musllinux_1_2_aarch64.whl", hash = "sha256:0dba8faee2e4a96e934797c9f0f2d093f8239bf210406a99060b3eabe549628e", size = 31927, upload-time = "2025-04-29T13:33:39.203Z" },
    { url = "https://files.pythonhosted.org/packages/70/78/2d5385206540127a3dca0ff83225b1ac66873f5cc89d4a6d3806c92f5ae2/setproctitle-1.3.6-cp313-cp313-musllinux_1_2_i686.whl", hash = "sha256:e3e44d08b61de0dd6f205528498f834a51a5c06689f8fb182fe26f3a3ce7dca9", size = 30981, upload-time = "2025-04-29T13:33:40.431Z" },
    { url = "https://files.pythonhosted.org/packages/31/62/e3e4a4e006d0e549748e53cded4ff3b667be0602860fc61b7de8b412b667/setproctitle-1.3.6-cp313-cp313-musllinux_1_2_ppc64le.whl", hash = "sha256:de004939fc3fd0c1200d26ea9264350bfe501ffbf46c8cf5dc7f345f2d87a7f1", size = 33244, upload-time = "2025-04-29T13:33:41.817Z" },
    { url = "https://files.pythonhosted.org/packages/aa/05/4b223fd4ef94e105dc7aff27fa502fb7200cf52be2bb0c064bd2406b5611/setproctitle-1.3.6-cp313-cp313-musllinux_1_2_x86_64.whl", hash = "sha256:3f8194b4d631b003a1176a75d1acd545e04b1f54b821638e098a93e6e62830ef", size = 31630, upload-time = "2025-04-29T13:33:43.093Z" },
    { url = "https://files.pythonhosted.org/packages/1b/ba/5f68eb969f7336f54b54a599fd3ffbd7662f9733b080bc8598705971b3dd/setproctitle-1.3.6-cp313-cp313-win32.whl", hash = "sha256:d714e002dd3638170fe7376dc1b686dbac9cb712cde3f7224440af722cc9866a", size = 11480, upload-time = "2025-04-29T13:34:01.257Z" },
    { url = "https://files.pythonhosted.org/packages/ba/f5/7f47f0ca35c9c357f16187cee9229f3eda0237bc6fdd3061441336f361c0/setproctitle-1.3.6-cp313-cp313-win_amd64.whl", hash = "sha256:b70c07409d465f3a8b34d52f863871fb8a00755370791d2bd1d4f82b3cdaf3d5", size = 12198, upload-time = "2025-04-29T13:34:02.293Z" },
    { url = "https://files.pythonhosted.org/packages/39/ad/c3941b8fc6b32a976c9e2d9615a90ae793b69cd010ca8c3575dbc822104f/setproctitle-1.3.6-cp313-cp313t-macosx_10_13_universal2.whl", hash = "sha256:23a57d3b8f1549515c2dbe4a2880ebc1f27780dc126c5e064167563e015817f5", size = 17401, upload-time = "2025-04-29T13:33:44.186Z" },
    { url = "https://files.pythonhosted.org/packages/04/38/a184f857b988d3a9c401e470a4e38182a5c99ee77bf90432d7665e9d35a3/setproctitle-1.3.6-cp313-cp313t-macosx_11_0_arm64.whl", hash = "sha256:81c443310831e29fabbd07b75ebbfa29d0740b56f5907c6af218482d51260431", size = 11959, upload-time = "2025-04-29T13:33:45.71Z" },
    { url = "https://files.pythonhosted.org/packages/b7/b9/4878ef9d8483adfd1edf6bf95151362aaec0d05aac306a97ff0383f491b5/setproctitle-1.3.6-cp313-cp313t-manylinux_2_17_aarch64.manylinux2014_aarch64.whl", hash = "sha256:d88c63bd395c787b0aa81d8bbc22c1809f311032ce3e823a6517b711129818e4", size = 33463, upload-time = "2025-04-29T13:33:46.913Z" },
    { url = "https://files.pythonhosted.org/packages/cc/60/3ef49d1931aff2a36a7324a49cca10d77ef03e0278452fd468c33a52d7e3/setproctitle-1.3.6-cp313-cp313t-manylinux_2_17_ppc64le.manylinux2014_ppc64le.whl", hash = "sha256:d73f14b86d0e2858ece6bf5807c9889670e392c001d414b4293d0d9b291942c3", size = 34959, upload-time = "2025-04-29T13:33:48.216Z" },
    { url = "https://files.pythonhosted.org/packages/81/c6/dee0a973acecefb0db6c9c2e0ea7f18b7e4db773a72e534741ebdee8bbb8/setproctitle-1.3.6-cp313-cp313t-manylinux_2_5_i686.manylinux1_i686.manylinux_2_17_i686.manylinux2014_i686.whl", hash = "sha256:3393859eb8f19f5804049a685bf286cb08d447e28ba5c6d8543c7bf5500d5970", size = 32055, upload-time = "2025-04-29T13:33:49.443Z" },
    { url = "https://files.pythonhosted.org/packages/ea/a5/5dd5c4192cf18d16349a32a07f728a9a48a2a05178e16966cabd6645903e/setproctitle-1.3.6-cp313-cp313t-manylinux_2_5_x86_64.manylinux1_x86_64.manylinux_2_17_x86_64.manylinux2014_x86_64.whl", hash = "sha256:785cd210c0311d9be28a70e281a914486d62bfd44ac926fcd70cf0b4d65dff1c", size = 32986, upload-time = "2025-04-29T13:33:51.519Z" },
    { url = "https://files.pythonhosted.org/packages/df/a6/1508d37eb8008670d33f13fcdb91cbd8ef54697276469abbfdd3d4428c59/setproctitle-1.3.6-cp313-cp313t-musllinux_1_2_aarch64.whl", hash = "sha256:c051f46ed1e13ba8214b334cbf21902102807582fbfaf0fef341b9e52f0fafbf", size = 32736, upload-time = "2025-04-29T13:33:52.852Z" },
    { url = "https://files.pythonhosted.org/packages/1a/73/c84ec8880d543766a12fcd6b65dbd013770974a40577889f357409b0441e/setproctitle-1.3.6-cp313-cp313t-musllinux_1_2_i686.whl", hash = "sha256:49498ebf68ca3e75321ffe634fcea5cc720502bfaa79bd6b03ded92ce0dc3c24", size = 31945, upload-time = "2025-04-29T13:33:54.665Z" },
    { url = "https://files.pythonhosted.org/packages/95/0a/126b9ff7a406a69a62825fe5bd6d1ba8671919a7018c4f9e2c63f49bfcb6/setproctitle-1.3.6-cp313-cp313t-musllinux_1_2_ppc64le.whl", hash = "sha256:4431629c178193f23c538cb1de3da285a99ccc86b20ee91d81eb5f1a80e0d2ba", size = 34333, upload-time = "2025-04-29T13:33:56.101Z" },
    { url = "https://files.pythonhosted.org/packages/9a/fd/5474b04f1c013ff460129d2bc774557dd6e186da4667865efef9a83bf378/setproctitle-1.3.6-cp313-cp313t-musllinux_1_2_x86_64.whl", hash = "sha256:d136fbf8ad4321716e44d6d6b3d8dffb4872626010884e07a1db54b7450836cf", size = 32508, upload-time = "2025-04-29T13:33:57.43Z" },
    { url = "https://files.pythonhosted.org/packages/32/21/2503e38520cb076a7ecaef6a35d6a6fa89cf02af3541c84c811fd7500d20/setproctitle-1.3.6-cp313-cp313t-win32.whl", hash = "sha256:d483cc23cc56ab32911ea0baa0d2d9ea7aa065987f47de847a0a93a58bf57905", size = 11482, upload-time = "2025-04-29T13:33:58.602Z" },
    { url = "https://files.pythonhosted.org/packages/65/23/7833d75a27fba25ddc5cd3b54cd03c4bf8e18b8e2dbec622eb6326278ce8/setproctitle-1.3.6-cp313-cp313t-win_amd64.whl", hash = "sha256:74973aebea3543ad033b9103db30579ec2b950a466e09f9c2180089e8346e0ec", size = 12209, upload-time = "2025-04-29T13:33:59.727Z" },
]
